// !$*UTF8*$!
{
	archiveVersion = 1;
	classes = {
	};
	objectVersion = 51;
	objects = {

/* Begin PBXBuildFile section */
		6FF6E97942915DDEF104D22D /* Pods_test01.framework in Frameworks */ = {isa = PBXBuildFile; fileRef = 316620EB5E82EE8C30A013E1 /* Pods_test01.framework */; };
		93DC98E02731185400934EF9 /* AppDelegate.swift in Sources */ = {isa = PBXBuildFile; fileRef = 93DC98DF2731185400934EF9 /* AppDelegate.swift */; };
		93DC98E22731185400934EF9 /* SceneDelegate.swift in Sources */ = {isa = PBXBuildFile; fileRef = 93DC98E12731185400934EF9 /* SceneDelegate.swift */; };
		93DC98E42731185400934EF9 /* ViewController.swift in Sources */ = {isa = PBXBuildFile; fileRef = 93DC98E32731185400934EF9 /* ViewController.swift */; };
		93DC98E72731185400934EF9 /* Main.storyboard in Resources */ = {isa = PBXBuildFile; fileRef = 93DC98E52731185400934EF9 /* Main.storyboard */; };
		93DC98E92731185500934EF9 /* Assets.xcassets in Resources */ = {isa = PBXBuildFile; fileRef = 93DC98E82731185500934EF9 /* Assets.xcassets */; };
		93DC98EC2731185500934EF9 /* LaunchScreen.storyboard in Resources */ = {isa = PBXBuildFile; fileRef = 93DC98EA2731185500934EF9 /* LaunchScreen.storyboard */; };
		93F6DE112731243A00D9B75B /* GoogleService-Info.plist in Resources */ = {isa = PBXBuildFile; fileRef = 93F6DE102731243A00D9B75B /* GoogleService-Info.plist */; };
/* End PBXBuildFile section */

/* Begin PBXFileReference section */
		316620EB5E82EE8C30A013E1 /* Pods_test01.framework */ = {isa = PBXFileReference; explicitFileType = wrapper.framework; includeInIndex = 0; path = Pods_test01.framework; sourceTree = BUILT_PRODUCTS_DIR; };
		9308641A273126DA007AA931 /* test01.entitlements */ = {isa = PBXFileReference; lastKnownFileType = text.plist.entitlements; path = test01.entitlements; sourceTree = "<group>"; };
		93DC98DC2731185400934EF9 /* test01.app */ = {isa = PBXFileReference; explicitFileType = wrapper.application; includeInIndex = 0; path = test01.app; sourceTree = BUILT_PRODUCTS_DIR; };
		93DC98DF2731185400934EF9 /* AppDelegate.swift */ = {isa = PBXFileReference; lastKnownFileType = sourcecode.swift; path = AppDelegate.swift; sourceTree = "<group>"; };
		93DC98E12731185400934EF9 /* SceneDelegate.swift */ = {isa = PBXFileReference; lastKnownFileType = sourcecode.swift; path = SceneDelegate.swift; sourceTree = "<group>"; };
		93DC98E32731185400934EF9 /* ViewController.swift */ = {isa = PBXFileReference; lastKnownFileType = sourcecode.swift; path = ViewController.swift; sourceTree = "<group>"; };
		93DC98E62731185400934EF9 /* Base */ = {isa = PBXFileReference; lastKnownFileType = file.storyboard; name = Base; path = Base.lproj/Main.storyboard; sourceTree = "<group>"; };
		93DC98E82731185500934EF9 /* Assets.xcassets */ = {isa = PBXFileReference; lastKnownFileType = folder.assetcatalog; path = Assets.xcassets; sourceTree = "<group>"; };
		93DC98EB2731185500934EF9 /* Base */ = {isa = PBXFileReference; lastKnownFileType = file.storyboard; name = Base; path = Base.lproj/LaunchScreen.storyboard; sourceTree = "<group>"; };
		93DC98ED2731185500934EF9 /* Info.plist */ = {isa = PBXFileReference; lastKnownFileType = text.plist.xml; path = Info.plist; sourceTree = "<group>"; };
		93F6DE102731243A00D9B75B /* GoogleService-Info.plist */ = {isa = PBXFileReference; fileEncoding = 4; lastKnownFileType = text.plist.xml; name = "GoogleService-Info.plist"; path = "../../../../../Downloads/GoogleService-Info.plist"; sourceTree = "<group>"; };
		A5BFA0FED1AF56B19F43E81F /* Pods-test01.debug.xcconfig */ = {isa = PBXFileReference; includeInIndex = 1; lastKnownFileType = text.xcconfig; name = "Pods-test01.debug.xcconfig"; path = "Target Support Files/Pods-test01/Pods-test01.debug.xcconfig"; sourceTree = "<group>"; };
		BBE781CB2A95BF1D0FA7E91D /* Pods-test01.release.xcconfig */ = {isa = PBXFileReference; includeInIndex = 1; lastKnownFileType = text.xcconfig; name = "Pods-test01.release.xcconfig"; path = "Target Support Files/Pods-test01/Pods-test01.release.xcconfig"; sourceTree = "<group>"; };
/* End PBXFileReference section */

/* Begin PBXFrameworksBuildPhase section */
		93DC98D92731185400934EF9 /* Frameworks */ = {
			isa = PBXFrameworksBuildPhase;
			buildActionMask = 2147483647;
			files = (
				6FF6E97942915DDEF104D22D /* Pods_test01.framework in Frameworks */,
			);
			runOnlyForDeploymentPostprocessing = 0;
		};
/* End PBXFrameworksBuildPhase section */

/* Begin PBXGroup section */
		3CD8C16AB722DE6B3FA0D858 /* Frameworks */ = {
			isa = PBXGroup;
			children = (
				316620EB5E82EE8C30A013E1 /* Pods_test01.framework */,
			);
			name = Frameworks;
			sourceTree = "<group>";
		};
		6A6F7BB78D1A4B9C5826D884 /* Pods */ = {
			isa = PBXGroup;
			children = (
				A5BFA0FED1AF56B19F43E81F /* Pods-test01.debug.xcconfig */,
				BBE781CB2A95BF1D0FA7E91D /* Pods-test01.release.xcconfig */,
			);
			path = Pods;
			sourceTree = "<group>";
		};
		93DC98D32731185400934EF9 = {
			isa = PBXGroup;
			children = (
				93DC98DE2731185400934EF9 /* test01 */,
				93DC98DD2731185400934EF9 /* Products */,
				6A6F7BB78D1A4B9C5826D884 /* Pods */,
				3CD8C16AB722DE6B3FA0D858 /* Frameworks */,
			);
			sourceTree = "<group>";
		};
		93DC98DD2731185400934EF9 /* Products */ = {
			isa = PBXGroup;
			children = (
				93DC98DC2731185400934EF9 /* test01.app */,
			);
			name = Products;
			sourceTree = "<group>";
		};
		93DC98DE2731185400934EF9 /* test01 */ = {
			isa = PBXGroup;
			children = (
				9308641A273126DA007AA931 /* test01.entitlements */,
				93F6DE102731243A00D9B75B /* GoogleService-Info.plist */,
				93DC98DF2731185400934EF9 /* AppDelegate.swift */,
				93DC98E12731185400934EF9 /* SceneDelegate.swift */,
				93DC98E32731185400934EF9 /* ViewController.swift */,
				93DC98E52731185400934EF9 /* Main.storyboard */,
				93DC98E82731185500934EF9 /* Assets.xcassets */,
				93DC98EA2731185500934EF9 /* LaunchScreen.storyboard */,
				93DC98ED2731185500934EF9 /* Info.plist */,
			);
			path = test01;
			sourceTree = "<group>";
		};
/* End PBXGroup section */

/* Begin PBXNativeTarget section */
		93DC98DB2731185400934EF9 /* test01 */ = {
			isa = PBXNativeTarget;
			buildConfigurationList = 93DC98F02731185500934EF9 /* Build configuration list for PBXNativeTarget "test01" */;
			buildPhases = (
				D763147CD3FE3D66F3F0DE03 /* [CP] Check Pods Manifest.lock */,
				93DC98D82731185400934EF9 /* Sources */,
				93DC98D92731185400934EF9 /* Frameworks */,
				93DC98DA2731185400934EF9 /* Resources */,
				75F4C20AD471567998EA92BF /* [CP] Embed Pods Frameworks */,
			);
			buildRules = (
			);
			dependencies = (
			);
			name = test01;
			productName = test01;
			productReference = 93DC98DC2731185400934EF9 /* test01.app */;
			productType = "com.apple.product-type.application";
		};
/* End PBXNativeTarget section */

/* Begin PBXProject section */
		93DC98D42731185400934EF9 /* Project object */ = {
			isa = PBXProject;
			attributes = {
				LastSwiftUpdateCheck = 1250;
				LastUpgradeCheck = 1250;
				TargetAttributes = {
					93DC98DB2731185400934EF9 = {
						CreatedOnToolsVersion = 12.5;
					};
				};
			};
			buildConfigurationList = 93DC98D72731185400934EF9 /* Build configuration list for PBXProject "test01" */;
			compatibilityVersion = "Xcode 9.3";
			developmentRegion = en;
			hasScannedForEncodings = 0;
			knownRegions = (
				en,
				Base,
			);
			mainGroup = 93DC98D32731185400934EF9;
			productRefGroup = 93DC98DD2731185400934EF9 /* Products */;
			projectDirPath = "";
			projectRoot = "";
			targets = (
				93DC98DB2731185400934EF9 /* test01 */,
			);
		};
/* End PBXProject section */

/* Begin PBXResourcesBuildPhase section */
		93DC98DA2731185400934EF9 /* Resources */ = {
			isa = PBXResourcesBuildPhase;
			buildActionMask = 2147483647;
			files = (
				93DC98EC2731185500934EF9 /* LaunchScreen.storyboard in Resources */,
				93F6DE112731243A00D9B75B /* GoogleService-Info.plist in Resources */,
				93DC98E92731185500934EF9 /* Assets.xcassets in Resources */,
				93DC98E72731185400934EF9 /* Main.storyboard in Resources */,
			);
			runOnlyForDeploymentPostprocessing = 0;
		};
/* End PBXResourcesBuildPhase section */

/* Begin PBXShellScriptBuildPhase section */
		75F4C20AD471567998EA92BF /* [CP] Embed Pods Frameworks */ = {
			isa = PBXShellScriptBuildPhase;
			buildActionMask = 2147483647;
			files = (
			);
			inputFileListPaths = (
				"${PODS_ROOT}/Target Support Files/Pods-test01/Pods-test01-frameworks-${CONFIGURATION}-input-files.xcfilelist",
			);
			name = "[CP] Embed Pods Frameworks";
			outputFileListPaths = (
				"${PODS_ROOT}/Target Support Files/Pods-test01/Pods-test01-frameworks-${CONFIGURATION}-output-files.xcfilelist",
			);
			runOnlyForDeploymentPostprocessing = 0;
			shellPath = /bin/sh;
			shellScript = "\"${PODS_ROOT}/Target Support Files/Pods-test01/Pods-test01-frameworks.sh\"\n";
			showEnvVarsInLog = 0;
		};
		D763147CD3FE3D66F3F0DE03 /* [CP] Check Pods Manifest.lock */ = {
			isa = PBXShellScriptBuildPhase;
			buildActionMask = 2147483647;
			files = (
			);
			inputFileListPaths = (
			);
			inputPaths = (
				"${PODS_PODFILE_DIR_PATH}/Podfile.lock",
				"${PODS_ROOT}/Manifest.lock",
			);
			name = "[CP] Check Pods Manifest.lock";
			outputFileListPaths = (
			);
			outputPaths = (
				"$(DERIVED_FILE_DIR)/Pods-test01-checkManifestLockResult.txt",
			);
			runOnlyForDeploymentPostprocessing = 0;
			shellPath = /bin/sh;
			shellScript = "diff \"${PODS_PODFILE_DIR_PATH}/Podfile.lock\" \"${PODS_ROOT}/Manifest.lock\" > /dev/null\nif [ $? != 0 ] ; then\n    # print error to STDERR\n    echo \"error: The sandbox is not in sync with the Podfile.lock. Run 'pod install' or update your CocoaPods installation.\" >&2\n    exit 1\nfi\n# This output is used by Xcode 'outputs' to avoid re-running this script phase.\necho \"SUCCESS\" > \"${SCRIPT_OUTPUT_FILE_0}\"\n";
			showEnvVarsInLog = 0;
		};
/* End PBXShellScriptBuildPhase section */

/* Begin PBXSourcesBuildPhase section */
		93DC98D82731185400934EF9 /* Sources */ = {
			isa = PBXSourcesBuildPhase;
			buildActionMask = 2147483647;
			files = (
				93DC98E42731185400934EF9 /* ViewController.swift in Sources */,
				93DC98E02731185400934EF9 /* AppDelegate.swift in Sources */,
				93DC98E22731185400934EF9 /* SceneDelegate.swift in Sources */,
			);
			runOnlyForDeploymentPostprocessing = 0;
		};
/* End PBXSourcesBuildPhase section */

/* Begin PBXVariantGroup section */
		93DC98E52731185400934EF9 /* Main.storyboard */ = {
			isa = PBXVariantGroup;
			children = (
				93DC98E62731185400934EF9 /* Base */,
			);
			name = Main.storyboard;
			sourceTree = "<group>";
		};
		93DC98EA2731185500934EF9 /* LaunchScreen.storyboard */ = {
			isa = PBXVariantGroup;
			children = (
				93DC98EB2731185500934EF9 /* Base */,
			);
			name = LaunchScreen.storyboard;
			sourceTree = "<group>";
		};
/* End PBXVariantGroup section */

/* Begin XCBuildConfiguration section */
		93DC98EE2731185500934EF9 /* Debug */ = {
			isa = XCBuildConfiguration;
			buildSettings = {
				ALWAYS_SEARCH_USER_PATHS = NO;
				CLANG_ANALYZER_NONNULL = YES;
				CLANG_ANALYZER_NUMBER_OBJECT_CONVERSION = YES_AGGRESSIVE;
				CLANG_CXX_LANGUAGE_STANDARD = "gnu++14";
				CLANG_CXX_LIBRARY = "libc++";
				CLANG_ENABLE_MODULES = YES;
				CLANG_ENABLE_OBJC_ARC = YES;
				CLANG_ENABLE_OBJC_WEAK = YES;
				CLANG_WARN_BLOCK_CAPTURE_AUTORELEASING = YES;
				CLANG_WARN_BOOL_CONVERSION = YES;
				CLANG_WARN_COMMA = YES;
				CLANG_WARN_CONSTANT_CONVERSION = YES;
				CLANG_WARN_DEPRECATED_OBJC_IMPLEMENTATIONS = YES;
				CLANG_WARN_DIRECT_OBJC_ISA_USAGE = YES_ERROR;
				CLANG_WARN_DOCUMENTATION_COMMENTS = YES;
				CLANG_WARN_EMPTY_BODY = YES;
				CLANG_WARN_ENUM_CONVERSION = YES;
				CLANG_WARN_INFINITE_RECURSION = YES;
				CLANG_WARN_INT_CONVERSION = YES;
				CLANG_WARN_NON_LITERAL_NULL_CONVERSION = YES;
				CLANG_WARN_OBJC_IMPLICIT_RETAIN_SELF = YES;
				CLANG_WARN_OBJC_LITERAL_CONVERSION = YES;
				CLANG_WARN_OBJC_ROOT_CLASS = YES_ERROR;
				CLANG_WARN_QUOTED_INCLUDE_IN_FRAMEWORK_HEADER = YES;
				CLANG_WARN_RANGE_LOOP_ANALYSIS = YES;
				CLANG_WARN_STRICT_PROTOTYPES = YES;
				CLANG_WARN_SUSPICIOUS_MOVE = YES;
				CLANG_WARN_UNGUARDED_AVAILABILITY = YES_AGGRESSIVE;
				CLANG_WARN_UNREACHABLE_CODE = YES;
				CLANG_WARN__DUPLICATE_METHOD_MATCH = YES;
				COPY_PHASE_STRIP = NO;
				DEBUG_INFORMATION_FORMAT = dwarf;
				ENABLE_STRICT_OBJC_MSGSEND = YES;
				ENABLE_TESTABILITY = YES;
				GCC_C_LANGUAGE_STANDARD = gnu11;
				GCC_DYNAMIC_NO_PIC = NO;
				GCC_NO_COMMON_BLOCKS = YES;
				GCC_OPTIMIZATION_LEVEL = 0;
				GCC_PREPROCESSOR_DEFINITIONS = (
					"DEBUG=1",
					"$(inherited)",
				);
				GCC_WARN_64_TO_32_BIT_CONVERSION = YES;
				GCC_WARN_ABOUT_RETURN_TYPE = YES_ERROR;
				GCC_WARN_UNDECLARED_SELECTOR = YES;
				GCC_WARN_UNINITIALIZED_AUTOS = YES_AGGRESSIVE;
				GCC_WARN_UNUSED_FUNCTION = YES;
				GCC_WARN_UNUSED_VARIABLE = YES;
				IPHONEOS_DEPLOYMENT_TARGET = 14.5;
				MTL_ENABLE_DEBUG_INFO = INCLUDE_SOURCE;
				MTL_FAST_MATH = YES;
				ONLY_ACTIVE_ARCH = YES;
				SDKROOT = iphoneos;
				SWIFT_ACTIVE_COMPILATION_CONDITIONS = DEBUG;
				SWIFT_OPTIMIZATION_LEVEL = "-Onone";
			};
			name = Debug;
		};
		93DC98EF2731185500934EF9 /* Release */ = {
			isa = XCBuildConfiguration;
			buildSettings = {
				ALWAYS_SEARCH_USER_PATHS = NO;
				CLANG_ANALYZER_NONNULL = YES;
				CLANG_ANALYZER_NUMBER_OBJECT_CONVERSION = YES_AGGRESSIVE;
				CLANG_CXX_LANGUAGE_STANDARD = "gnu++14";
				CLANG_CXX_LIBRARY = "libc++";
				CLANG_ENABLE_MODULES = YES;
				CLANG_ENABLE_OBJC_ARC = YES;
				CLANG_ENABLE_OBJC_WEAK = YES;
				CLANG_WARN_BLOCK_CAPTURE_AUTORELEASING = YES;
				CLANG_WARN_BOOL_CONVERSION = YES;
				CLANG_WARN_COMMA = YES;
				CLANG_WARN_CONSTANT_CONVERSION = YES;
				CLANG_WARN_DEPRECATED_OBJC_IMPLEMENTATIONS = YES;
				CLANG_WARN_DIRECT_OBJC_ISA_USAGE = YES_ERROR;
				CLANG_WARN_DOCUMENTATION_COMMENTS = YES;
				CLANG_WARN_EMPTY_BODY = YES;
				CLANG_WARN_ENUM_CONVERSION = YES;
				CLANG_WARN_INFINITE_RECURSION = YES;
				CLANG_WARN_INT_CONVERSION = YES;
				CLANG_WARN_NON_LITERAL_NULL_CONVERSION = YES;
				CLANG_WARN_OBJC_IMPLICIT_RETAIN_SELF = YES;
				CLANG_WARN_OBJC_LITERAL_CONVERSION = YES;
				CLANG_WARN_OBJC_ROOT_CLASS = YES_ERROR;
				CLANG_WARN_QUOTED_INCLUDE_IN_FRAMEWORK_HEADER = YES;
				CLANG_WARN_RANGE_LOOP_ANALYSIS = YES;
				CLANG_WARN_STRICT_PROTOTYPES = YES;
				CLANG_WARN_SUSPICIOUS_MOVE = YES;
				CLANG_WARN_UNGUARDED_AVAILABILITY = YES_AGGRESSIVE;
				CLANG_WARN_UNREACHABLE_CODE = YES;
				CLANG_WARN__DUPLICATE_METHOD_MATCH = YES;
				COPY_PHASE_STRIP = NO;
				DEBUG_INFORMATION_FORMAT = "dwarf-with-dsym";
				ENABLE_NS_ASSERTIONS = NO;
				ENABLE_STRICT_OBJC_MSGSEND = YES;
				GCC_C_LANGUAGE_STANDARD = gnu11;
				GCC_NO_COMMON_BLOCKS = YES;
				GCC_WARN_64_TO_32_BIT_CONVERSION = YES;
				GCC_WARN_ABOUT_RETURN_TYPE = YES_ERROR;
				GCC_WARN_UNDECLARED_SELECTOR = YES;
				GCC_WARN_UNINITIALIZED_AUTOS = YES_AGGRESSIVE;
				GCC_WARN_UNUSED_FUNCTION = YES;
				GCC_WARN_UNUSED_VARIABLE = YES;
				IPHONEOS_DEPLOYMENT_TARGET = 14.5;
				MTL_ENABLE_DEBUG_INFO = NO;
				MTL_FAST_MATH = YES;
				SDKROOT = iphoneos;
				SWIFT_COMPILATION_MODE = wholemodule;
				SWIFT_OPTIMIZATION_LEVEL = "-O";
				VALIDATE_PRODUCT = YES;
			};
			name = Release;
		};
		93DC98F12731185500934EF9 /* Debug */ = {
			isa = XCBuildConfiguration;
			baseConfigurationReference = A5BFA0FED1AF56B19F43E81F /* Pods-test01.debug.xcconfig */;
			buildSettings = {
				ASSETCATALOG_COMPILER_APPICON_NAME = AppIcon;
				ASSETCATALOG_COMPILER_GLOBAL_ACCENT_COLOR_NAME = AccentColor;
				CODE_SIGN_ENTITLEMENTS = test01/test01.entitlements;
				CODE_SIGN_STYLE = Automatic;
				DEVELOPMENT_TEAM = 3RU687X3R2;
				INFOPLIST_FILE = test01/Info.plist;
				LD_RUNPATH_SEARCH_PATHS = (
					"$(inherited)",
					"@executable_path/Frameworks",
				);
				PRODUCT_BUNDLE_IDENTIFIER = com.lafin.test01;
				PRODUCT_NAME = "$(TARGET_NAME)";
				SWIFT_VERSION = 5.0;
				TARGETED_DEVICE_FAMILY = "1,2";
			};
			name = Debug;
		};
		93DC98F22731185500934EF9 /* Release */ = {
			isa = XCBuildConfiguration;
			baseConfigurationReference = BBE781CB2A95BF1D0FA7E91D /* Pods-test01.release.xcconfig */;
			buildSettings = {
				ASSETCATALOG_COMPILER_APPICON_NAME = AppIcon;
				ASSETCATALOG_COMPILER_GLOBAL_ACCENT_COLOR_NAME = AccentColor;
				CODE_SIGN_ENTITLEMENTS = test01/test01.entitlements;
				CODE_SIGN_STYLE = Automatic;
				DEVELOPMENT_TEAM = 3RU687X3R2;
				INFOPLIST_FILE = test01/Info.plist;
				LD_RUNPATH_SEARCH_PATHS = (
					"$(inherited)",
					"@executable_path/Frameworks",
				);
				PRODUCT_BUNDLE_IDENTIFIER = com.lafin.test01;
				PRODUCT_NAME = "$(TARGET_NAME)";
				SWIFT_VERSION = 5.0;
				TARGETED_DEVICE_FAMILY = "1,2";
			};
			name = Release;
		};
/* End XCBuildConfiguration section */

/* Begin XCConfigurationList section */
		93DC98D72731185400934EF9 /* Build configuration list for PBXProject "test01" */ = {
			isa = XCConfigurationList;
			buildConfigurations = (
				93DC98EE2731185500934EF9 /* Debug */,
				93DC98EF2731185500934EF9 /* Release */,
			);
			defaultConfigurationIsVisible = 0;
			defaultConfigurationName = Release;
		};
		93DC98F02731185500934EF9 /* Build configuration list for PBXNativeTarget "test01" */ = {
			isa = XCConfigurationList;
			buildConfigurations = (
				93DC98F12731185500934EF9 /* Debug */,
				93DC98F22731185500934EF9 /* Release */,
			);
			defaultConfigurationIsVisible = 0;
			defaultConfigurationName = Release;
		};
/* End XCConfigurationList section */
	};
	rootObject = 93DC98D42731185400934EF9 /* Project object */;
}
